// !$*UTF8*$!
{
	archiveVersion = 1;
	classes = {
	};
	objectVersion = 50;
	objects = {

/* Begin PBXBuildFile section */
		9DC07955262B33C600F36F2B /* AppDelegate.swift in Sources */ = {isa = PBXBuildFile; fileRef = 9DC07954262B33C600F36F2B /* AppDelegate.swift */; };
		9DC07957262B33C600F36F2B /* SceneDelegate.swift in Sources */ = {isa = PBXBuildFile; fileRef = 9DC07956262B33C600F36F2B /* SceneDelegate.swift */; };
		9DC07959262B33C600F36F2B /* ViewController.swift in Sources */ = {isa = PBXBuildFile; fileRef = 9DC07958262B33C600F36F2B /* ViewController.swift */; };
		9DC0795C262B33C600F36F2B /* Main.storyboard in Resources */ = {isa = PBXBuildFile; fileRef = 9DC0795A262B33C600F36F2B /* Main.storyboard */; };
		9DC0795E262B33CF00F36F2B /* Assets.xcassets in Resources */ = {isa = PBXBuildFile; fileRef = 9DC0795D262B33CF00F36F2B /* Assets.xcassets */; };
		9DC07961262B33CF00F36F2B /* LaunchScreen.storyboard in Resources */ = {isa = PBXBuildFile; fileRef = 9DC0795F262B33CF00F36F2B /* LaunchScreen.storyboard */; };
		9DC07997262C34F200F36F2B /* IBViewController.swift in Sources */ = {isa = PBXBuildFile; fileRef = 9DC07996262C34F200F36F2B /* IBViewController.swift */; };
		9DDBF550263FB51C00903EFF /* UIViewExtension.swift in Sources */ = {isa = PBXBuildFile; fileRef = 9DDBF54F263FB51C00903EFF /* UIViewExtension.swift */; };
/* End PBXBuildFile section */

/* Begin PBXContainerItemProxy section */
		9DC07968262B33D100F36F2B /* PBXContainerItemProxy */ = {
			isa = PBXContainerItemProxy;
			containerPortal = 9DC07949262B33C600F36F2B /* Project object */;
			proxyType = 1;
			remoteGlobalIDString = 9DC07950262B33C600F36F2B;
			remoteInfo = calculator;
		};
		9DC07973262B33D100F36F2B /* PBXContainerItemProxy */ = {
			isa = PBXContainerItemProxy;
			containerPortal = 9DC07949262B33C600F36F2B /* Project object */;
			proxyType = 1;
			remoteGlobalIDString = 9DC07950262B33C600F36F2B;
			remoteInfo = calculator;
		};
/* End PBXContainerItemProxy section */

/* Begin PBXFileReference section */
		9DC07951262B33C600F36F2B /* calculator.app */ = {isa = PBXFileReference; explicitFileType = wrapper.application; includeInIndex = 0; path = calculator.app; sourceTree = BUILT_PRODUCTS_DIR; };
		9DC07954262B33C600F36F2B /* AppDelegate.swift */ = {isa = PBXFileReference; lastKnownFileType = sourcecode.swift; path = AppDelegate.swift; sourceTree = "<group>"; };
		9DC07956262B33C600F36F2B /* SceneDelegate.swift */ = {isa = PBXFileReference; lastKnownFileType = sourcecode.swift; path = SceneDelegate.swift; sourceTree = "<group>"; };
		9DC07958262B33C600F36F2B /* ViewController.swift */ = {isa = PBXFileReference; lastKnownFileType = sourcecode.swift; path = ViewController.swift; sourceTree = "<group>"; };
		9DC0795B262B33C600F36F2B /* Base */ = {isa = PBXFileReference; lastKnownFileType = file.storyboard; name = Base; path = Base.lproj/Main.storyboard; sourceTree = "<group>"; };
		9DC0795D262B33CF00F36F2B /* Assets.xcassets */ = {isa = PBXFileReference; lastKnownFileType = folder.assetcatalog; path = Assets.xcassets; sourceTree = "<group>"; };
		9DC07960262B33CF00F36F2B /* Base */ = {isa = PBXFileReference; lastKnownFileType = file.storyboard; name = Base; path = Base.lproj/LaunchScreen.storyboard; sourceTree = "<group>"; };
		9DC07962262B33CF00F36F2B /* Info.plist */ = {isa = PBXFileReference; lastKnownFileType = text.plist.xml; path = Info.plist; sourceTree = "<group>"; };
		9DC07967262B33D100F36F2B /* calculatorTests.xctest */ = {isa = PBXFileReference; explicitFileType = wrapper.cfbundle; includeInIndex = 0; path = calculatorTests.xctest; sourceTree = BUILT_PRODUCTS_DIR; };
		9DC07972262B33D100F36F2B /* calculatorUITests.xctest */ = {isa = PBXFileReference; explicitFileType = wrapper.cfbundle; includeInIndex = 0; path = calculatorUITests.xctest; sourceTree = BUILT_PRODUCTS_DIR; };
		9DC07996262C34F200F36F2B /* IBViewController.swift */ = {isa = PBXFileReference; lastKnownFileType = sourcecode.swift; path = IBViewController.swift; sourceTree = "<group>"; };
		9DDBF54F263FB51C00903EFF /* UIViewExtension.swift */ = {isa = PBXFileReference; lastKnownFileType = sourcecode.swift; path = UIViewExtension.swift; sourceTree = "<group>"; };
/* End PBXFileReference section */

/* Begin PBXFrameworksBuildPhase section */
		9DC0794E262B33C600F36F2B /* Frameworks */ = {
			isa = PBXFrameworksBuildPhase;
			buildActionMask = 2147483647;
			files = (
			);
			runOnlyForDeploymentPostprocessing = 0;
		};
		9DC07964262B33D100F36F2B /* Frameworks */ = {
			isa = PBXFrameworksBuildPhase;
			buildActionMask = 2147483647;
			files = (
			);
			runOnlyForDeploymentPostprocessing = 0;
		};
		9DC0796F262B33D100F36F2B /* Frameworks */ = {
			isa = PBXFrameworksBuildPhase;
			buildActionMask = 2147483647;
			files = (
			);
			runOnlyForDeploymentPostprocessing = 0;
		};
/* End PBXFrameworksBuildPhase section */

/* Begin PBXGroup section */
		9DC07948262B33C600F36F2B = {
			isa = PBXGroup;
			children = (
				9DC07953262B33C600F36F2B /* calculator */,
				9DC07952262B33C600F36F2B /* Products */,
			);
			sourceTree = "<group>";
		};
		9DC07952262B33C600F36F2B /* Products */ = {
			isa = PBXGroup;
			children = (
				9DC07951262B33C600F36F2B /* calculator.app */,
				9DC07967262B33D100F36F2B /* calculatorTests.xctest */,
				9DC07972262B33D100F36F2B /* calculatorUITests.xctest */,
			);
			name = Products;
			sourceTree = "<group>";
		};
		9DC07953262B33C600F36F2B /* calculator */ = {
			isa = PBXGroup;
			children = (
				9DC0798E262C318900F36F2B /* Source */,
				9DC0798D262C317800F36F2B /* Resources */,
			);
			path = calculator;
			sourceTree = "<group>";
		};
		9DC0798D262C317800F36F2B /* Resources */ = {
			isa = PBXGroup;
			children = (
				9DC0798F262C319B00F36F2B /* Config */,
				9DC07990262C31A100F36F2B /* Storyboards */,
				9DC0795D262B33CF00F36F2B /* Assets.xcassets */,
			);
			path = Resources;
			sourceTree = "<group>";
		};
		9DC0798E262C318900F36F2B /* Source */ = {
			isa = PBXGroup;
			children = (
				9DC07992262C31FC00F36F2B /* Scenes */,
				9DC07991262C31E200F36F2B /* App */,
			);
			path = Source;
			sourceTree = "<group>";
		};
		9DC0798F262C319B00F36F2B /* Config */ = {
			isa = PBXGroup;
			children = (
				9DC07962262B33CF00F36F2B /* Info.plist */,
			);
			path = Config;
			sourceTree = "<group>";
		};
		9DC07990262C31A100F36F2B /* Storyboards */ = {
			isa = PBXGroup;
			children = (
				9DC0795A262B33C600F36F2B /* Main.storyboard */,
				9DC0795F262B33CF00F36F2B /* LaunchScreen.storyboard */,
			);
			path = Storyboards;
			sourceTree = "<group>";
		};
		9DC07991262C31E200F36F2B /* App */ = {
			isa = PBXGroup;
			children = (
				9DC07956262B33C600F36F2B /* SceneDelegate.swift */,
				9DC07954262B33C600F36F2B /* AppDelegate.swift */,
			);
			path = App;
			sourceTree = "<group>";
		};
		9DC07992262C31FC00F36F2B /* Scenes */ = {
			isa = PBXGroup;
			children = (
				9DC07958262B33C600F36F2B /* ViewController.swift */,
				9DC07996262C34F200F36F2B /* IBViewController.swift */,
				9DDBF54F263FB51C00903EFF /* UIViewExtension.swift */,
			);
			path = Scenes;
			sourceTree = "<group>";
		};
/* End PBXGroup section */

/* Begin PBXNativeTarget section */
		9DC07950262B33C600F36F2B /* calculator */ = {
			isa = PBXNativeTarget;
			buildConfigurationList = 9DC0797B262B33D100F36F2B /* Build configuration list for PBXNativeTarget "calculator" */;
			buildPhases = (
				9DC0794D262B33C600F36F2B /* Sources */,
				9DC0794E262B33C600F36F2B /* Frameworks */,
				9DC0794F262B33C600F36F2B /* Resources */,
			);
			buildRules = (
			);
			dependencies = (
			);
			name = calculator;
			productName = calculator;
			productReference = 9DC07951262B33C600F36F2B /* calculator.app */;
			productType = "com.apple.product-type.application";
		};
		9DC07966262B33D100F36F2B /* calculatorTests */ = {
			isa = PBXNativeTarget;
			buildConfigurationList = 9DC0797E262B33D100F36F2B /* Build configuration list for PBXNativeTarget "calculatorTests" */;
			buildPhases = (
				9DC07963262B33D100F36F2B /* Sources */,
				9DC07964262B33D100F36F2B /* Frameworks */,
				9DC07965262B33D100F36F2B /* Resources */,
			);
			buildRules = (
			);
			dependencies = (
				9DC07969262B33D100F36F2B /* PBXTargetDependency */,
			);
			name = calculatorTests;
			productName = calculatorTests;
			productReference = 9DC07967262B33D100F36F2B /* calculatorTests.xctest */;
			productType = "com.apple.product-type.bundle.unit-test";
		};
		9DC07971262B33D100F36F2B /* calculatorUITests */ = {
			isa = PBXNativeTarget;
			buildConfigurationList = 9DC07981262B33D100F36F2B /* Build configuration list for PBXNativeTarget "calculatorUITests" */;
			buildPhases = (
				9DC0796E262B33D100F36F2B /* Sources */,
				9DC0796F262B33D100F36F2B /* Frameworks */,
				9DC07970262B33D100F36F2B /* Resources */,
			);
			buildRules = (
			);
			dependencies = (
				9DC07974262B33D100F36F2B /* PBXTargetDependency */,
			);
			name = calculatorUITests;
			productName = calculatorUITests;
			productReference = 9DC07972262B33D100F36F2B /* calculatorUITests.xctest */;
			productType = "com.apple.product-type.bundle.ui-testing";
		};
/* End PBXNativeTarget section */

/* Begin PBXProject section */
		9DC07949262B33C600F36F2B /* Project object */ = {
			isa = PBXProject;
			attributes = {
				LastSwiftUpdateCheck = 1240;
				LastUpgradeCheck = 1240;
				TargetAttributes = {
					9DC07950262B33C600F36F2B = {
						CreatedOnToolsVersion = 12.4;
					};
					9DC07966262B33D100F36F2B = {
						CreatedOnToolsVersion = 12.4;
						TestTargetID = 9DC07950262B33C600F36F2B;
					};
					9DC07971262B33D100F36F2B = {
						CreatedOnToolsVersion = 12.4;
						TestTargetID = 9DC07950262B33C600F36F2B;
					};
				};
			};
			buildConfigurationList = 9DC0794C262B33C600F36F2B /* Build configuration list for PBXProject "calculator" */;
			compatibilityVersion = "Xcode 9.3";
			developmentRegion = en;
			hasScannedForEncodings = 0;
			knownRegions = (
				en,
				Base,
			);
			mainGroup = 9DC07948262B33C600F36F2B;
			productRefGroup = 9DC07952262B33C600F36F2B /* Products */;
			projectDirPath = "";
			projectRoot = "";
			targets = (
				9DC07950262B33C600F36F2B /* calculator */,
				9DC07966262B33D100F36F2B /* calculatorTests */,
				9DC07971262B33D100F36F2B /* calculatorUITests */,
			);
		};
/* End PBXProject section */

/* Begin PBXResourcesBuildPhase section */
		9DC0794F262B33C600F36F2B /* Resources */ = {
			isa = PBXResourcesBuildPhase;
			buildActionMask = 2147483647;
			files = (
				9DC07961262B33CF00F36F2B /* LaunchScreen.storyboard in Resources */,
				9DC0795E262B33CF00F36F2B /* Assets.xcassets in Resources */,
				9DC0795C262B33C600F36F2B /* Main.storyboard in Resources */,
			);
			runOnlyForDeploymentPostprocessing = 0;
		};
		9DC07965262B33D100F36F2B /* Resources */ = {
			isa = PBXResourcesBuildPhase;
			buildActionMask = 2147483647;
			files = (
			);
			runOnlyForDeploymentPostprocessing = 0;
		};
		9DC07970262B33D100F36F2B /* Resources */ = {
			isa = PBXResourcesBuildPhase;
			buildActionMask = 2147483647;
			files = (
			);
			runOnlyForDeploymentPostprocessing = 0;
		};
/* End PBXResourcesBuildPhase section */

/* Begin PBXSourcesBuildPhase section */
		9DC0794D262B33C600F36F2B /* Sources */ = {
			isa = PBXSourcesBuildPhase;
			buildActionMask = 2147483647;
			files = (
				9DDBF550263FB51C00903EFF /* UIViewExtension.swift in Sources */,
				9DC07959262B33C600F36F2B /* ViewController.swift in Sources */,
				9DC07955262B33C600F36F2B /* AppDelegate.swift in Sources */,
				9DC07957262B33C600F36F2B /* SceneDelegate.swift in Sources */,
				9DC07997262C34F200F36F2B /* IBViewController.swift in Sources */,
			);
			runOnlyForDeploymentPostprocessing = 0;
		};
		9DC07963262B33D100F36F2B /* Sources */ = {
			isa = PBXSourcesBuildPhase;
			buildActionMask = 2147483647;
			files = (
			);
			runOnlyForDeploymentPostprocessing = 0;
		};
		9DC0796E262B33D100F36F2B /* Sources */ = {
			isa = PBXSourcesBuildPhase;
			buildActionMask = 2147483647;
			files = (
			);
			runOnlyForDeploymentPostprocessing = 0;
		};
/* End PBXSourcesBuildPhase section */

/* Begin PBXTargetDependency section */
		9DC07969262B33D100F36F2B /* PBXTargetDependency */ = {
			isa = PBXTargetDependency;
			target = 9DC07950262B33C600F36F2B /* calculator */;
			targetProxy = 9DC07968262B33D100F36F2B /* PBXContainerItemProxy */;
		};
		9DC07974262B33D100F36F2B /* PBXTargetDependency */ = {
			isa = PBXTargetDependency;
			target = 9DC07950262B33C600F36F2B /* calculator */;
			targetProxy = 9DC07973262B33D100F36F2B /* PBXContainerItemProxy */;
		};
/* End PBXTargetDependency section */

/* Begin PBXVariantGroup section */
		9DC0795A262B33C600F36F2B /* Main.storyboard */ = {
			isa = PBXVariantGroup;
			children = (
				9DC0795B262B33C600F36F2B /* Base */,
			);
			name = Main.storyboard;
			sourceTree = "<group>";
		};
		9DC0795F262B33CF00F36F2B /* LaunchScreen.storyboard */ = {
			isa = PBXVariantGroup;
			children = (
				9DC07960262B33CF00F36F2B /* Base */,
			);
			name = LaunchScreen.storyboard;
			sourceTree = "<group>";
		};
/* End PBXVariantGroup section */

/* Begin XCBuildConfiguration section */
		9DC07979262B33D100F36F2B /* Debug */ = {
			isa = XCBuildConfiguration;
			buildSettings = {
				ALWAYS_SEARCH_USER_PATHS = NO;
				CLANG_ANALYZER_NONNULL = YES;
				CLANG_ANALYZER_NUMBER_OBJECT_CONVERSION = YES_AGGRESSIVE;
				CLANG_CXX_LANGUAGE_STANDARD = "gnu++14";
				CLANG_CXX_LIBRARY = "libc++";
				CLANG_ENABLE_MODULES = YES;
				CLANG_ENABLE_OBJC_ARC = YES;
				CLANG_ENABLE_OBJC_WEAK = YES;
				CLANG_WARN_BLOCK_CAPTURE_AUTORELEASING = YES;
				CLANG_WARN_BOOL_CONVERSION = YES;
				CLANG_WARN_COMMA = YES;
				CLANG_WARN_CONSTANT_CONVERSION = YES;
				CLANG_WARN_DEPRECATED_OBJC_IMPLEMENTATIONS = YES;
				CLANG_WARN_DIRECT_OBJC_ISA_USAGE = YES_ERROR;
				CLANG_WARN_DOCUMENTATION_COMMENTS = YES;
				CLANG_WARN_EMPTY_BODY = YES;
				CLANG_WARN_ENUM_CONVERSION = YES;
				CLANG_WARN_INFINITE_RECURSION = YES;
				CLANG_WARN_INT_CONVERSION = YES;
				CLANG_WARN_NON_LITERAL_NULL_CONVERSION = YES;
				CLANG_WARN_OBJC_IMPLICIT_RETAIN_SELF = YES;
				CLANG_WARN_OBJC_LITERAL_CONVERSION = YES;
				CLANG_WARN_OBJC_ROOT_CLASS = YES_ERROR;
				CLANG_WARN_QUOTED_INCLUDE_IN_FRAMEWORK_HEADER = YES;
				CLANG_WARN_RANGE_LOOP_ANALYSIS = YES;
				CLANG_WARN_STRICT_PROTOTYPES = YES;
				CLANG_WARN_SUSPICIOUS_MOVE = YES;
				CLANG_WARN_UNGUARDED_AVAILABILITY = YES_AGGRESSIVE;
				CLANG_WARN_UNREACHABLE_CODE = YES;
				CLANG_WARN__DUPLICATE_METHOD_MATCH = YES;
				COPY_PHASE_STRIP = NO;
				DEBUG_INFORMATION_FORMAT = dwarf;
				ENABLE_STRICT_OBJC_MSGSEND = YES;
				ENABLE_TESTABILITY = YES;
				GCC_C_LANGUAGE_STANDARD = gnu11;
				GCC_DYNAMIC_NO_PIC = NO;
				GCC_NO_COMMON_BLOCKS = YES;
				GCC_OPTIMIZATION_LEVEL = 0;
				GCC_PREPROCESSOR_DEFINITIONS = (
					"DEBUG=1",
					"$(inherited)",
				);
				GCC_WARN_64_TO_32_BIT_CONVERSION = YES;
				GCC_WARN_ABOUT_RETURN_TYPE = YES_ERROR;
				GCC_WARN_UNDECLARED_SELECTOR = YES;
				GCC_WARN_UNINITIALIZED_AUTOS = YES_AGGRESSIVE;
				GCC_WARN_UNUSED_FUNCTION = YES;
				GCC_WARN_UNUSED_VARIABLE = YES;
				IPHONEOS_DEPLOYMENT_TARGET = 14.4;
				MTL_ENABLE_DEBUG_INFO = INCLUDE_SOURCE;
				MTL_FAST_MATH = YES;
				ONLY_ACTIVE_ARCH = YES;
				SDKROOT = iphoneos;
				SWIFT_ACTIVE_COMPILATION_CONDITIONS = DEBUG;
				SWIFT_OPTIMIZATION_LEVEL = "-Onone";
			};
			name = Debug;
		};
		9DC0797A262B33D100F36F2B /* Release */ = {
			isa = XCBuildConfiguration;
			buildSettings = {
				ALWAYS_SEARCH_USER_PATHS = NO;
				CLANG_ANALYZER_NONNULL = YES;
				CLANG_ANALYZER_NUMBER_OBJECT_CONVERSION = YES_AGGRESSIVE;
				CLANG_CXX_LANGUAGE_STANDARD = "gnu++14";
				CLANG_CXX_LIBRARY = "libc++";
				CLANG_ENABLE_MODULES = YES;
				CLANG_ENABLE_OBJC_ARC = YES;
				CLANG_ENABLE_OBJC_WEAK = YES;
				CLANG_WARN_BLOCK_CAPTURE_AUTORELEASING = YES;
				CLANG_WARN_BOOL_CONVERSION = YES;
				CLANG_WARN_COMMA = YES;
				CLANG_WARN_CONSTANT_CONVERSION = YES;
				CLANG_WARN_DEPRECATED_OBJC_IMPLEMENTATIONS = YES;
				CLANG_WARN_DIRECT_OBJC_ISA_USAGE = YES_ERROR;
				CLANG_WARN_DOCUMENTATION_COMMENTS = YES;
				CLANG_WARN_EMPTY_BODY = YES;
				CLANG_WARN_ENUM_CONVERSION = YES;
				CLANG_WARN_INFINITE_RECURSION = YES;
				CLANG_WARN_INT_CONVERSION = YES;
				CLANG_WARN_NON_LITERAL_NULL_CONVERSION = YES;
				CLANG_WARN_OBJC_IMPLICIT_RETAIN_SELF = YES;
				CLANG_WARN_OBJC_LITERAL_CONVERSION = YES;
				CLANG_WARN_OBJC_ROOT_CLASS = YES_ERROR;
				CLANG_WARN_QUOTED_INCLUDE_IN_FRAMEWORK_HEADER = YES;
				CLANG_WARN_RANGE_LOOP_ANALYSIS = YES;
				CLANG_WARN_STRICT_PROTOTYPES = YES;
				CLANG_WARN_SUSPICIOUS_MOVE = YES;
				CLANG_WARN_UNGUARDED_AVAILABILITY = YES_AGGRESSIVE;
				CLANG_WARN_UNREACHABLE_CODE = YES;
				CLANG_WARN__DUPLICATE_METHOD_MATCH = YES;
				COPY_PHASE_STRIP = NO;
				DEBUG_INFORMATION_FORMAT = "dwarf-with-dsym";
				ENABLE_NS_ASSERTIONS = NO;
				ENABLE_STRICT_OBJC_MSGSEND = YES;
				GCC_C_LANGUAGE_STANDARD = gnu11;
				GCC_NO_COMMON_BLOCKS = YES;
				GCC_WARN_64_TO_32_BIT_CONVERSION = YES;
				GCC_WARN_ABOUT_RETURN_TYPE = YES_ERROR;
				GCC_WARN_UNDECLARED_SELECTOR = YES;
				GCC_WARN_UNINITIALIZED_AUTOS = YES_AGGRESSIVE;
				GCC_WARN_UNUSED_FUNCTION = YES;
				GCC_WARN_UNUSED_VARIABLE = YES;
				IPHONEOS_DEPLOYMENT_TARGET = 14.4;
				MTL_ENABLE_DEBUG_INFO = NO;
				MTL_FAST_MATH = YES;
				SDKROOT = iphoneos;
				SWIFT_COMPILATION_MODE = wholemodule;
				SWIFT_OPTIMIZATION_LEVEL = "-O";
				VALIDATE_PRODUCT = YES;
			};
			name = Release;
		};
		9DC0797C262B33D100F36F2B /* Debug */ = {
			isa = XCBuildConfiguration;
			buildSettings = {
				ASSETCATALOG_COMPILER_APPICON_NAME = AppIcon;
				ASSETCATALOG_COMPILER_GLOBAL_ACCENT_COLOR_NAME = AccentColor;
				CODE_SIGN_STYLE = Automatic;
				DEVELOPMENT_TEAM = YV7G8332AF;
				INFOPLIST_FILE = "/Users/stas/Documents/calculator 2/calculator/Resources/Config/Info.plist";
				IPHONEOS_DEPLOYMENT_TARGET = 13.6;
				LD_RUNPATH_SEARCH_PATHS = (
					"$(inherited)",
					"@executable_path/Frameworks",
				);
				PRODUCT_BUNDLE_IDENTIFIER = com.stasmishen.calculator;
				PRODUCT_NAME = "$(TARGET_NAME)";
				SWIFT_VERSION = 5.0;
				TARGETED_DEVICE_FAMILY = 1;
			};
			name = Debug;
		};
		9DC0797D262B33D100F36F2B /* Release */ = {
			isa = XCBuildConfiguration;
			buildSettings = {
				ASSETCATALOG_COMPILER_APPICON_NAME = AppIcon;
				ASSETCATALOG_COMPILER_GLOBAL_ACCENT_COLOR_NAME = AccentColor;
				CODE_SIGN_STYLE = Automatic;
				DEVELOPMENT_TEAM = YV7G8332AF;
				INFOPLIST_FILE = "/Users/stas/Documents/calculator 2/calculator/Resources/Config/Info.plist";
				IPHONEOS_DEPLOYMENT_TARGET = 13.6;
				LD_RUNPATH_SEARCH_PATHS = (
					"$(inherited)",
					"@executable_path/Frameworks",
				);
				PRODUCT_BUNDLE_IDENTIFIER = com.stasmishen.calculator;
				PRODUCT_NAME = "$(TARGET_NAME)";
				SWIFT_VERSION = 5.0;
				TARGETED_DEVICE_FAMILY = 1;
			};
			name = Release;
		};
		9DC0797F262B33D100F36F2B /* Debug */ = {
			isa = XCBuildConfiguration;
			buildSettings = {
				ALWAYS_EMBED_SWIFT_STANDARD_LIBRARIES = YES;
				BUNDLE_LOADER = "$(TEST_HOST)";
				CODE_SIGN_STYLE = Automatic;
				INFOPLIST_FILE = calculatorTests/Info.plist;
				IPHONEOS_DEPLOYMENT_TARGET = 14.4;
				LD_RUNPATH_SEARCH_PATHS = (
					"$(inherited)",
					"@executable_path/Frameworks",
					"@loader_path/Frameworks",
				);
				PRODUCT_BUNDLE_IDENTIFIER = com.stasmishen.calculatorTests;
				PRODUCT_NAME = "$(TARGET_NAME)";
				SWIFT_VERSION = 5.0;
				TARGETED_DEVICE_FAMILY = "1,2";
				TEST_HOST = "$(BUILT_PRODUCTS_DIR)/calculator.app/calculator";
			};
			name = Debug;
		};
		9DC07980262B33D100F36F2B /* Release */ = {
			isa = XCBuildConfiguration;
			buildSettings = {
				ALWAYS_EMBED_SWIFT_STANDARD_LIBRARIES = YES;
				BUNDLE_LOADER = "$(TEST_HOST)";
				CODE_SIGN_STYLE = Automatic;
				INFOPLIST_FILE = calculatorTests/Info.plist;
				IPHONEOS_DEPLOYMENT_TARGET = 14.4;
				LD_RUNPATH_SEARCH_PATHS = (
					"$(inherited)",
					"@executable_path/Frameworks",
					"@loader_path/Frameworks",
				);
				PRODUCT_BUNDLE_IDENTIFIER = com.stasmishen.calculatorTests;
				PRODUCT_NAME = "$(TARGET_NAME)";
				SWIFT_VERSION = 5.0;
				TARGETED_DEVICE_FAMILY = "1,2";
				TEST_HOST = "$(BUILT_PRODUCTS_DIR)/calculator.app/calculator";
			};
			name = Release;
		};
		9DC07982262B33D100F36F2B /* Debug */ = {
			isa = XCBuildConfiguration;
			buildSettings = {
				ALWAYS_EMBED_SWIFT_STANDARD_LIBRARIES = YES;
				CODE_SIGN_STYLE = Automatic;
				INFOPLIST_FILE = calculatorUITests/Info.plist;
				LD_RUNPATH_SEARCH_PATHS = (
					"$(inherited)",
					"@executable_path/Frameworks",
					"@loader_path/Frameworks",
				);
				PRODUCT_BUNDLE_IDENTIFIER = com.stasmishen.calculatorUITests;
				PRODUCT_NAME = "$(TARGET_NAME)";
				SWIFT_VERSION = 5.0;
				TARGETED_DEVICE_FAMILY = "1,2";
				TEST_TARGET_NAME = calculator;
			};
			name = Debug;
		};
		9DC07983262B33D100F36F2B /* Release */ = {
			isa = XCBuildConfiguration;
			buildSettings = {
				ALWAYS_EMBED_SWIFT_STANDARD_LIBRARIES = YES;
				CODE_SIGN_STYLE = Automatic;
				INFOPLIST_FILE = calculatorUITests/Info.plist;
				LD_RUNPATH_SEARCH_PATHS = (
					"$(inherited)",
					"@executable_path/Frameworks",
					"@loader_path/Frameworks",
				);
				PRODUCT_BUNDLE_IDENTIFIER = com.stasmishen.calculatorUITests;
				PRODUCT_NAME = "$(TARGET_NAME)";
				SWIFT_VERSION = 5.0;
				TARGETED_DEVICE_FAMILY = "1,2";
				TEST_TARGET_NAME = calculator;
			};
			name = Release;
		};
/* End XCBuildConfiguration section */

/* Begin XCConfigurationList section */
		9DC0794C262B33C600F36F2B /* Build configuration list for PBXProject "calculator" */ = {
			isa = XCConfigurationList;
			buildConfigurations = (
				9DC07979262B33D100F36F2B /* Debug */,
				9DC0797A262B33D100F36F2B /* Release */,
			);
			defaultConfigurationIsVisible = 0;
			defaultConfigurationName = Release;
		};
		9DC0797B262B33D100F36F2B /* Build configuration list for PBXNativeTarget "calculator" */ = {
			isa = XCConfigurationList;
			buildConfigurations = (
				9DC0797C262B33D100F36F2B /* Debug */,
				9DC0797D262B33D100F36F2B /* Release */,
			);
			defaultConfigurationIsVisible = 0;
			defaultConfigurationName = Release;
		};
		9DC0797E262B33D100F36F2B /* Build configuration list for PBXNativeTarget "calculatorTests" */ = {
			isa = XCConfigurationList;
			buildConfigurations = (
				9DC0797F262B33D100F36F2B /* Debug */,
				9DC07980262B33D100F36F2B /* Release */,
			);
			defaultConfigurationIsVisible = 0;
			defaultConfigurationName = Release;
		};
		9DC07981262B33D100F36F2B /* Build configuration list for PBXNativeTarget "calculatorUITests" */ = {
			isa = XCConfigurationList;
			buildConfigurations = (
				9DC07982262B33D100F36F2B /* Debug */,
				9DC07983262B33D100F36F2B /* Release */,
			);
			defaultConfigurationIsVisible = 0;
			defaultConfigurationName = Release;
		};
/* End XCConfigurationList section */
	};
	rootObject = 9DC07949262B33C600F36F2B /* Project object */;
}
